
Microsoft Visual Studio Solution File, Format Version 12.00
# Visual Studio Version 17
VisualStudioVersion = 17.2.32630.192
MinimumVisualStudioVersion = 10.0.40219.1
Project("{FAE04EC0-301F-11D3-BF4B-00C04F79EFBC}") = "Project_81022", "Project_81022.csproj", "{2072FD93-44DB-4631-AC43-A9B2E4696402}"
EndProject
Global
	GlobalSection(SolutionConfigurationPlatforms) = preSolution
		Debug|Any CPU = Debug|Any CPU
		Release|Any CPU = Release|Any CPU
	EndGlobalSection
	GlobalSection(ProjectConfigurationPlatforms) = postSolution
		{2072FD93-44DB-4631-AC43-A9B2E4696402}.Debug|Any CPU.ActiveCfg = Debug|Any CPU
		{2072FD93-44DB-4631-AC43-A9B2E4696402}.Debug|Any CPU.Build.0 = Debug|Any CPU
		{2072FD93-44DB-4631-AC43-A9B2E4696402}.Release|Any CPU.ActiveCfg = Release|Any CPU
		{2072FD93-44DB-4631-AC43-A9B2E4696402}.Release|Any CPU.Build.0 = Release|Any CPU
	EndGlobalSection
	GlobalSection(SolutionProperties) = preSolution
		HideSolutionNode = FALSE
	EndGlobalSection
	GlobalSection(ExtensibilityGlobals) = postSolution
		SolutionGuid = {E6AFC225-5DD7-48D0-998F-CE5B7BF6C383}
	EndGlobalSection
EndGlobal
